// !$*UTF8*$!
{
	archiveVersion = 1;
	classes = {
	};
	objectVersion = 56;
	objects = {

/* Begin PBXBuildFile section */
		989147FA2B4DC9F7005FBA7A /* InstagramMockApp.swift in Sources */ = {isa = PBXBuildFile; fileRef = 989147F92B4DC9F7005FBA7A /* InstagramMockApp.swift */; };
		989147FC2B4DC9F7005FBA7A /* ContentView.swift in Sources */ = {isa = PBXBuildFile; fileRef = 989147FB2B4DC9F7005FBA7A /* ContentView.swift */; };
		989147FE2B4DC9F8005FBA7A /* Assets.xcassets in Resources */ = {isa = PBXBuildFile; fileRef = 989147FD2B4DC9F8005FBA7A /* Assets.xcassets */; };
		989148012B4DC9F8005FBA7A /* Preview Assets.xcassets in Resources */ = {isa = PBXBuildFile; fileRef = 989148002B4DC9F8005FBA7A /* Preview Assets.xcassets */; };
		989148082B4DCB05005FBA7A /* NewView.swift in Sources */ = {isa = PBXBuildFile; fileRef = 989148072B4DCB05005FBA7A /* NewView.swift */; };
		989148172B4DD295005FBA7A /* MainTabView.swift in Sources */ = {isa = PBXBuildFile; fileRef = 989148162B4DD295005FBA7A /* MainTabView.swift */; };
		989148192B4DD396005FBA7A /* ProfileView.swift in Sources */ = {isa = PBXBuildFile; fileRef = 989148182B4DD396005FBA7A /* ProfileView.swift */; };
		98DEDDAC2B4DD9800029ED39 /* UserStatView.swift in Sources */ = {isa = PBXBuildFile; fileRef = 98DEDDAB2B4DD9800029ED39 /* UserStatView.swift */; };
		98DEDDAF2B4F21F50029ED39 /* FeedView.swift in Sources */ = {isa = PBXBuildFile; fileRef = 98DEDDAE2B4F21F50029ED39 /* FeedView.swift */; };
		98DEDDB12B4F21FE0029ED39 /* FeedCellView.swift in Sources */ = {isa = PBXBuildFile; fileRef = 98DEDDB02B4F21FE0029ED39 /* FeedCellView.swift */; };
		98DEDDB32B4F274D0029ED39 /* SearchView.swift in Sources */ = {isa = PBXBuildFile; fileRef = 98DEDDB22B4F274D0029ED39 /* SearchView.swift */; };
		98DEDDB52B5020710029ED39 /* LoginVIew.swift in Sources */ = {isa = PBXBuildFile; fileRef = 98DEDDB42B5020710029ED39 /* LoginVIew.swift */; };
		98DEDDB72B5025F80029ED39 /* AddEmailView.swift in Sources */ = {isa = PBXBuildFile; fileRef = 98DEDDB62B5025F80029ED39 /* AddEmailView.swift */; };
		98DEDDB92B5468480029ED39 /* TextFieldModifier.swift in Sources */ = {isa = PBXBuildFile; fileRef = 98DEDDB82B5468480029ED39 /* TextFieldModifier.swift */; };
		98DEDDBB2B5469C90029ED39 /* CreateUsernameView.swift in Sources */ = {isa = PBXBuildFile; fileRef = 98DEDDBA2B5469C90029ED39 /* CreateUsernameView.swift */; };
		98DEDDBD2B546B860029ED39 /* CreatePasswordView.swift in Sources */ = {isa = PBXBuildFile; fileRef = 98DEDDBC2B546B860029ED39 /* CreatePasswordView.swift */; };
		98DEDDBF2B546C470029ED39 /* CompleteSignUpView.swift in Sources */ = {isa = PBXBuildFile; fileRef = 98DEDDBE2B546C470029ED39 /* CompleteSignUpView.swift */; };
/* End PBXBuildFile section */

/* Begin PBXFileReference section */
		989147F62B4DC9F7005FBA7A /* InstagramMock.app */ = {isa = PBXFileReference; explicitFileType = wrapper.application; includeInIndex = 0; path = InstagramMock.app; sourceTree = BUILT_PRODUCTS_DIR; };
		989147F92B4DC9F7005FBA7A /* InstagramMockApp.swift */ = {isa = PBXFileReference; lastKnownFileType = sourcecode.swift; path = InstagramMockApp.swift; sourceTree = "<group>"; };
		989147FB2B4DC9F7005FBA7A /* ContentView.swift */ = {isa = PBXFileReference; lastKnownFileType = sourcecode.swift; path = ContentView.swift; sourceTree = "<group>"; };
		989147FD2B4DC9F8005FBA7A /* Assets.xcassets */ = {isa = PBXFileReference; lastKnownFileType = folder.assetcatalog; path = Assets.xcassets; sourceTree = "<group>"; };
		989148002B4DC9F8005FBA7A /* Preview Assets.xcassets */ = {isa = PBXFileReference; lastKnownFileType = folder.assetcatalog; path = "Preview Assets.xcassets"; sourceTree = "<group>"; };
		989148072B4DCB05005FBA7A /* NewView.swift */ = {isa = PBXFileReference; lastKnownFileType = sourcecode.swift; path = NewView.swift; sourceTree = "<group>"; };
		989148162B4DD295005FBA7A /* MainTabView.swift */ = {isa = PBXFileReference; lastKnownFileType = sourcecode.swift; path = MainTabView.swift; sourceTree = "<group>"; };
		989148182B4DD396005FBA7A /* ProfileView.swift */ = {isa = PBXFileReference; lastKnownFileType = sourcecode.swift; path = ProfileView.swift; sourceTree = "<group>"; };
		98DEDDAB2B4DD9800029ED39 /* UserStatView.swift */ = {isa = PBXFileReference; lastKnownFileType = sourcecode.swift; path = UserStatView.swift; sourceTree = "<group>"; };
		98DEDDAE2B4F21F50029ED39 /* FeedView.swift */ = {isa = PBXFileReference; lastKnownFileType = sourcecode.swift; path = FeedView.swift; sourceTree = "<group>"; };
		98DEDDB02B4F21FE0029ED39 /* FeedCellView.swift */ = {isa = PBXFileReference; lastKnownFileType = sourcecode.swift; path = FeedCellView.swift; sourceTree = "<group>"; };
		98DEDDB22B4F274D0029ED39 /* SearchView.swift */ = {isa = PBXFileReference; lastKnownFileType = sourcecode.swift; path = SearchView.swift; sourceTree = "<group>"; };
		98DEDDB42B5020710029ED39 /* LoginVIew.swift */ = {isa = PBXFileReference; lastKnownFileType = sourcecode.swift; path = LoginVIew.swift; sourceTree = "<group>"; };
		98DEDDB62B5025F80029ED39 /* AddEmailView.swift */ = {isa = PBXFileReference; lastKnownFileType = sourcecode.swift; path = AddEmailView.swift; sourceTree = "<group>"; };
		98DEDDB82B5468480029ED39 /* TextFieldModifier.swift */ = {isa = PBXFileReference; lastKnownFileType = sourcecode.swift; path = TextFieldModifier.swift; sourceTree = "<group>"; };
		98DEDDBA2B5469C90029ED39 /* CreateUsernameView.swift */ = {isa = PBXFileReference; lastKnownFileType = sourcecode.swift; path = CreateUsernameView.swift; sourceTree = "<group>"; };
		98DEDDBC2B546B860029ED39 /* CreatePasswordView.swift */ = {isa = PBXFileReference; lastKnownFileType = sourcecode.swift; path = CreatePasswordView.swift; sourceTree = "<group>"; };
		98DEDDBE2B546C470029ED39 /* CompleteSignUpView.swift */ = {isa = PBXFileReference; lastKnownFileType = sourcecode.swift; path = CompleteSignUpView.swift; sourceTree = "<group>"; };
/* End PBXFileReference section */

/* Begin PBXFrameworksBuildPhase section */
		989147F32B4DC9F7005FBA7A /* Frameworks */ = {
			isa = PBXFrameworksBuildPhase;
			buildActionMask = 2147483647;
			files = (
			);
			runOnlyForDeploymentPostprocessing = 0;
		};
/* End PBXFrameworksBuildPhase section */

/* Begin PBXGroup section */
		989147ED2B4DC9F7005FBA7A = {
			isa = PBXGroup;
			children = (
				989147F82B4DC9F7005FBA7A /* InstagramMock */,
				989147F72B4DC9F7005FBA7A /* Products */,
			);
			sourceTree = "<group>";
		};
		989147F72B4DC9F7005FBA7A /* Products */ = {
			isa = PBXGroup;
			children = (
				989147F62B4DC9F7005FBA7A /* InstagramMock.app */,
			);
			name = Products;
			sourceTree = "<group>";
		};
		989147F82B4DC9F7005FBA7A /* InstagramMock */ = {
			isa = PBXGroup;
			children = (
				989147FB2B4DC9F7005FBA7A /* ContentView.swift */,
				989148072B4DCB05005FBA7A /* NewView.swift */,
				989148092B4DD0B2005FBA7A /* App */,
				9891480E2B4DD0BC005FBA7A /* Core */,
				98DEDDAD2B4DDA450029ED39 /* Extensions */,
				9891480B2B4DD0B9005FBA7A /* Model */,
				9891480A2B4DD0B7005FBA7A /* Services */,
				989147FD2B4DC9F8005FBA7A /* Assets.xcassets */,
				989147FF2B4DC9F8005FBA7A /* Preview Content */,
			);
			path = InstagramMock;
			sourceTree = "<group>";
		};
		989147FF2B4DC9F8005FBA7A /* Preview Content */ = {
			isa = PBXGroup;
			children = (
				989148002B4DC9F8005FBA7A /* Preview Assets.xcassets */,
			);
			path = "Preview Content";
			sourceTree = "<group>";
		};
		989148092B4DD0B2005FBA7A /* App */ = {
			isa = PBXGroup;
			children = (
				989147F92B4DC9F7005FBA7A /* InstagramMockApp.swift */,
			);
			path = App;
			sourceTree = "<group>";
		};
		9891480A2B4DD0B7005FBA7A /* Services */ = {
			isa = PBXGroup;
			children = (
			);
			path = Services;
			sourceTree = "<group>";
		};
		9891480B2B4DD0B9005FBA7A /* Model */ = {
			isa = PBXGroup;
			children = (
			);
			path = Model;
			sourceTree = "<group>";
		};
		9891480E2B4DD0BC005FBA7A /* Core */ = {
			isa = PBXGroup;
			children = (
				9891480F2B4DD10C005FBA7A /* Authentication */,
				98DEDDAA2B4DD95F0029ED39 /* Components */,
				989148102B4DD11D005FBA7A /* Feed */,
				989148112B4DD134005FBA7A /* Profile */,
				989148122B4DD1C2005FBA7A /* Root */,
				989148132B4DD1CC005FBA7A /* Search */,
				989148152B4DD224005FBA7A /* TabBar */,
				989148142B4DD224005FBA7A /* UploadPost */,
			);
			name = Core;
			path = "New Group2/New Group/New Group/Core";
			sourceTree = "<group>";
		};
		9891480F2B4DD10C005FBA7A /* Authentication */ = {
			isa = PBXGroup;
			children = (
				98DEDDB42B5020710029ED39 /* LoginVIew.swift */,
				98DEDDBA2B5469C90029ED39 /* CreateUsernameView.swift */,
				98DEDDB62B5025F80029ED39 /* AddEmailView.swift */,
				98DEDDBC2B546B860029ED39 /* CreatePasswordView.swift */,
				98DEDDBE2B546C470029ED39 /* CompleteSignUpView.swift */,
			);
			path = Authentication;
			sourceTree = "<group>";
		};
		989148102B4DD11D005FBA7A /* Feed */ = {
			isa = PBXGroup;
			children = (
				98DEDDAE2B4F21F50029ED39 /* FeedView.swift */,
				98DEDDB02B4F21FE0029ED39 /* FeedCellView.swift */,
			);
			path = Feed;
			sourceTree = "<group>";
		};
		989148112B4DD134005FBA7A /* Profile */ = {
			isa = PBXGroup;
			children = (
				989148182B4DD396005FBA7A /* ProfileView.swift */,
			);
			path = Profile;
			sourceTree = "<group>";
		};
		989148122B4DD1C2005FBA7A /* Root */ = {
			isa = PBXGroup;
			children = (
			);
			path = Root;
			sourceTree = "<group>";
		};
		989148132B4DD1CC005FBA7A /* Search */ = {
			isa = PBXGroup;
			children = (
				98DEDDB22B4F274D0029ED39 /* SearchView.swift */,
			);
			path = Search;
			sourceTree = "<group>";
		};
		989148142B4DD224005FBA7A /* UploadPost */ = {
			isa = PBXGroup;
			children = (
			);
			path = UploadPost;
			sourceTree = "<group>";
		};
		989148152B4DD224005FBA7A /* TabBar */ = {
			isa = PBXGroup;
			children = (
				989148162B4DD295005FBA7A /* MainTabView.swift */,
			);
			path = TabBar;
			sourceTree = "<group>";
		};
		98DEDDAA2B4DD95F0029ED39 /* Components */ = {
			isa = PBXGroup;
			children = (
				98DEDDAB2B4DD9800029ED39 /* UserStatView.swift */,
				98DEDDB82B5468480029ED39 /* TextFieldModifier.swift */,
			);
			path = Components;
			sourceTree = "<group>";
		};
		98DEDDAD2B4DDA450029ED39 /* Extensions */ = {
			isa = PBXGroup;
			children = (
			);
			path = Extensions;
			sourceTree = "<group>";
		};
/* End PBXGroup section */

/* Begin PBXNativeTarget section */
		989147F52B4DC9F7005FBA7A /* InstagramMock */ = {
			isa = PBXNativeTarget;
			buildConfigurationList = 989148042B4DC9F8005FBA7A /* Build configuration list for PBXNativeTarget "InstagramMock" */;
			buildPhases = (
				989147F22B4DC9F7005FBA7A /* Sources */,
				989147F32B4DC9F7005FBA7A /* Frameworks */,
				989147F42B4DC9F7005FBA7A /* Resources */,
			);
			buildRules = (
			);
			dependencies = (
			);
			name = InstagramMock;
			productName = InstagramMock;
			productReference = 989147F62B4DC9F7005FBA7A /* InstagramMock.app */;
			productType = "com.apple.product-type.application";
		};
/* End PBXNativeTarget section */

/* Begin PBXProject section */
		989147EE2B4DC9F7005FBA7A /* Project object */ = {
			isa = PBXProject;
			attributes = {
				BuildIndependentTargetsInParallel = 1;
				LastSwiftUpdateCheck = 1510;
				LastUpgradeCheck = 1510;
				TargetAttributes = {
					989147F52B4DC9F7005FBA7A = {
						CreatedOnToolsVersion = 15.1;
					};
				};
			};
			buildConfigurationList = 989147F12B4DC9F7005FBA7A /* Build configuration list for PBXProject "InstagramMock" */;
			compatibilityVersion = "Xcode 14.0";
			developmentRegion = en;
			hasScannedForEncodings = 0;
			knownRegions = (
				en,
				Base,
			);
			mainGroup = 989147ED2B4DC9F7005FBA7A;
			productRefGroup = 989147F72B4DC9F7005FBA7A /* Products */;
			projectDirPath = "";
			projectRoot = "";
			targets = (
				989147F52B4DC9F7005FBA7A /* InstagramMock */,
			);
		};
/* End PBXProject section */

/* Begin PBXResourcesBuildPhase section */
		989147F42B4DC9F7005FBA7A /* Resources */ = {
			isa = PBXResourcesBuildPhase;
			buildActionMask = 2147483647;
			files = (
				989148012B4DC9F8005FBA7A /* Preview Assets.xcassets in Resources */,
				989147FE2B4DC9F8005FBA7A /* Assets.xcassets in Resources */,
			);
			runOnlyForDeploymentPostprocessing = 0;
		};
/* End PBXResourcesBuildPhase section */

/* Begin PBXSourcesBuildPhase section */
		989147F22B4DC9F7005FBA7A /* Sources */ = {
			isa = PBXSourcesBuildPhase;
			buildActionMask = 2147483647;
			files = (
				98DEDDAF2B4F21F50029ED39 /* FeedView.swift in Sources */,
				98DEDDBD2B546B860029ED39 /* CreatePasswordView.swift in Sources */,
				98DEDDBB2B5469C90029ED39 /* CreateUsernameView.swift in Sources */,
				98DEDDB32B4F274D0029ED39 /* SearchView.swift in Sources */,
				989148082B4DCB05005FBA7A /* NewView.swift in Sources */,
				989147FC2B4DC9F7005FBA7A /* ContentView.swift in Sources */,
				989148192B4DD396005FBA7A /* ProfileView.swift in Sources */,
				98DEDDB12B4F21FE0029ED39 /* FeedCellView.swift in Sources */,
				989147FA2B4DC9F7005FBA7A /* InstagramMockApp.swift in Sources */,
				989148172B4DD295005FBA7A /* MainTabView.swift in Sources */,
				98DEDDBF2B546C470029ED39 /* CompleteSignUpView.swift in Sources */,
				98DEDDB52B5020710029ED39 /* LoginVIew.swift in Sources */,
				98DEDDB72B5025F80029ED39 /* AddEmailView.swift in Sources */,
				98DEDDB92B5468480029ED39 /* TextFieldModifier.swift in Sources */,
				98DEDDAC2B4DD9800029ED39 /* UserStatView.swift in Sources */,
			);
			runOnlyForDeploymentPostprocessing = 0;
		};
/* End PBXSourcesBuildPhase section */

/* Begin XCBuildConfiguration section */
		989148022B4DC9F8005FBA7A /* Debug */ = {
			isa = XCBuildConfiguration;
			buildSettings = {
				ALWAYS_SEARCH_USER_PATHS = NO;
				ASSETCATALOG_COMPILER_GENERATE_SWIFT_ASSET_SYMBOL_EXTENSIONS = YES;
				CLANG_ANALYZER_NONNULL = YES;
				CLANG_ANALYZER_NUMBER_OBJECT_CONVERSION = YES_AGGRESSIVE;
				CLANG_CXX_LANGUAGE_STANDARD = "gnu++20";
				CLANG_ENABLE_MODULES = YES;
				CLANG_ENABLE_OBJC_ARC = YES;
				CLANG_ENABLE_OBJC_WEAK = YES;
				CLANG_WARN_BLOCK_CAPTURE_AUTORELEASING = YES;
				CLANG_WARN_BOOL_CONVERSION = YES;
				CLANG_WARN_COMMA = YES;
				CLANG_WARN_CONSTANT_CONVERSION = YES;
				CLANG_WARN_DEPRECATED_OBJC_IMPLEMENTATIONS = YES;
				CLANG_WARN_DIRECT_OBJC_ISA_USAGE = YES_ERROR;
				CLANG_WARN_DOCUMENTATION_COMMENTS = YES;
				CLANG_WARN_EMPTY_BODY = YES;
				CLANG_WARN_ENUM_CONVERSION = YES;
				CLANG_WARN_INFINITE_RECURSION = YES;
				CLANG_WARN_INT_CONVERSION = YES;
				CLANG_WARN_NON_LITERAL_NULL_CONVERSION = YES;
				CLANG_WARN_OBJC_IMPLICIT_RETAIN_SELF = YES;
				CLANG_WARN_OBJC_LITERAL_CONVERSION = YES;
				CLANG_WARN_OBJC_ROOT_CLASS = YES_ERROR;
				CLANG_WARN_QUOTED_INCLUDE_IN_FRAMEWORK_HEADER = YES;
				CLANG_WARN_RANGE_LOOP_ANALYSIS = YES;
				CLANG_WARN_STRICT_PROTOTYPES = YES;
				CLANG_WARN_SUSPICIOUS_MOVE = YES;
				CLANG_WARN_UNGUARDED_AVAILABILITY = YES_AGGRESSIVE;
				CLANG_WARN_UNREACHABLE_CODE = YES;
				CLANG_WARN__DUPLICATE_METHOD_MATCH = YES;
				COPY_PHASE_STRIP = NO;
				DEBUG_INFORMATION_FORMAT = dwarf;
				ENABLE_STRICT_OBJC_MSGSEND = YES;
				ENABLE_TESTABILITY = YES;
				ENABLE_USER_SCRIPT_SANDBOXING = YES;
				GCC_C_LANGUAGE_STANDARD = gnu17;
				GCC_DYNAMIC_NO_PIC = NO;
				GCC_NO_COMMON_BLOCKS = YES;
				GCC_OPTIMIZATION_LEVEL = 0;
				GCC_PREPROCESSOR_DEFINITIONS = (
					"DEBUG=1",
					"$(inherited)",
				);
				GCC_WARN_64_TO_32_BIT_CONVERSION = YES;
				GCC_WARN_ABOUT_RETURN_TYPE = YES_ERROR;
				GCC_WARN_UNDECLARED_SELECTOR = YES;
				GCC_WARN_UNINITIALIZED_AUTOS = YES_AGGRESSIVE;
				GCC_WARN_UNUSED_FUNCTION = YES;
				GCC_WARN_UNUSED_VARIABLE = YES;
				IPHONEOS_DEPLOYMENT_TARGET = 17.2;
				LOCALIZATION_PREFERS_STRING_CATALOGS = YES;
				MTL_ENABLE_DEBUG_INFO = INCLUDE_SOURCE;
				MTL_FAST_MATH = YES;
				ONLY_ACTIVE_ARCH = YES;
				SDKROOT = iphoneos;
				SWIFT_ACTIVE_COMPILATION_CONDITIONS = "DEBUG $(inherited)";
				SWIFT_OPTIMIZATION_LEVEL = "-Onone";
			};
			name = Debug;
		};
		989148032B4DC9F8005FBA7A /* Release */ = {
			isa = XCBuildConfiguration;
			buildSettings = {
				ALWAYS_SEARCH_USER_PATHS = NO;
				ASSETCATALOG_COMPILER_GENERATE_SWIFT_ASSET_SYMBOL_EXTENSIONS = YES;
				CLANG_ANALYZER_NONNULL = YES;
				CLANG_ANALYZER_NUMBER_OBJECT_CONVERSION = YES_AGGRESSIVE;
				CLANG_CXX_LANGUAGE_STANDARD = "gnu++20";
				CLANG_ENABLE_MODULES = YES;
				CLANG_ENABLE_OBJC_ARC = YES;
				CLANG_ENABLE_OBJC_WEAK = YES;
				CLANG_WARN_BLOCK_CAPTURE_AUTORELEASING = YES;
				CLANG_WARN_BOOL_CONVERSION = YES;
				CLANG_WARN_COMMA = YES;
				CLANG_WARN_CONSTANT_CONVERSION = YES;
				CLANG_WARN_DEPRECATED_OBJC_IMPLEMENTATIONS = YES;
				CLANG_WARN_DIRECT_OBJC_ISA_USAGE = YES_ERROR;
				CLANG_WARN_DOCUMENTATION_COMMENTS = YES;
				CLANG_WARN_EMPTY_BODY = YES;
				CLANG_WARN_ENUM_CONVERSION = YES;
				CLANG_WARN_INFINITE_RECURSION = YES;
				CLANG_WARN_INT_CONVERSION = YES;
				CLANG_WARN_NON_LITERAL_NULL_CONVERSION = YES;
				CLANG_WARN_OBJC_IMPLICIT_RETAIN_SELF = YES;
				CLANG_WARN_OBJC_LITERAL_CONVERSION = YES;
				CLANG_WARN_OBJC_ROOT_CLASS = YES_ERROR;
				CLANG_WARN_QUOTED_INCLUDE_IN_FRAMEWORK_HEADER = YES;
				CLANG_WARN_RANGE_LOOP_ANALYSIS = YES;
				CLANG_WARN_STRICT_PROTOTYPES = YES;
				CLANG_WARN_SUSPICIOUS_MOVE = YES;
				CLANG_WARN_UNGUARDED_AVAILABILITY = YES_AGGRESSIVE;
				CLANG_WARN_UNREACHABLE_CODE = YES;
				CLANG_WARN__DUPLICATE_METHOD_MATCH = YES;
				COPY_PHASE_STRIP = NO;
				DEBUG_INFORMATION_FORMAT = "dwarf-with-dsym";
				ENABLE_NS_ASSERTIONS = NO;
				ENABLE_STRICT_OBJC_MSGSEND = YES;
				ENABLE_USER_SCRIPT_SANDBOXING = YES;
				GCC_C_LANGUAGE_STANDARD = gnu17;
				GCC_NO_COMMON_BLOCKS = YES;
				GCC_WARN_64_TO_32_BIT_CONVERSION = YES;
				GCC_WARN_ABOUT_RETURN_TYPE = YES_ERROR;
				GCC_WARN_UNDECLARED_SELECTOR = YES;
				GCC_WARN_UNINITIALIZED_AUTOS = YES_AGGRESSIVE;
				GCC_WARN_UNUSED_FUNCTION = YES;
				GCC_WARN_UNUSED_VARIABLE = YES;
				IPHONEOS_DEPLOYMENT_TARGET = 17.2;
				LOCALIZATION_PREFERS_STRING_CATALOGS = YES;
				MTL_ENABLE_DEBUG_INFO = NO;
				MTL_FAST_MATH = YES;
				SDKROOT = iphoneos;
				SWIFT_COMPILATION_MODE = wholemodule;
				VALIDATE_PRODUCT = YES;
			};
			name = Release;
		};
		989148052B4DC9F8005FBA7A /* Debug */ = {
			isa = XCBuildConfiguration;
			buildSettings = {
				ASSETCATALOG_COMPILER_APPICON_NAME = AppIcon;
				ASSETCATALOG_COMPILER_GLOBAL_ACCENT_COLOR_NAME = AccentColor;
				CODE_SIGN_STYLE = Automatic;
				CURRENT_PROJECT_VERSION = 1;
				DEVELOPMENT_ASSET_PATHS = "\"InstagramMock/Preview Content\"";
				DEVELOPMENT_TEAM = X9GLW84L39;
				ENABLE_PREVIEWS = YES;
				GENERATE_INFOPLIST_FILE = YES;
				INFOPLIST_KEY_UIApplicationSceneManifest_Generation = YES;
				INFOPLIST_KEY_UIApplicationSupportsIndirectInputEvents = YES;
				INFOPLIST_KEY_UILaunchScreen_Generation = YES;
				INFOPLIST_KEY_UISupportedInterfaceOrientations_iPad = "UIInterfaceOrientationPortrait UIInterfaceOrientationPortraitUpsideDown UIInterfaceOrientationLandscapeLeft UIInterfaceOrientationLandscapeRight";
				INFOPLIST_KEY_UISupportedInterfaceOrientations_iPhone = "UIInterfaceOrientationPortrait UIInterfaceOrientationLandscapeLeft UIInterfaceOrientationLandscapeRight";
				LD_RUNPATH_SEARCH_PATHS = (
					"$(inherited)",
					"@executable_path/Frameworks",
				);
				MARKETING_VERSION = 1.0;
				PRODUCT_BUNDLE_IDENTIFIER = com.example.InstagramMock;
				PRODUCT_NAME = "$(TARGET_NAME)";
				SWIFT_EMIT_LOC_STRINGS = YES;
				SWIFT_VERSION = 5.0;
				TARGETED_DEVICE_FAMILY = "1,2";
			};
			name = Debug;
		};
		989148062B4DC9F8005FBA7A /* Release */ = {
			isa = XCBuildConfiguration;
			buildSettings = {
				ASSETCATALOG_COMPILER_APPICON_NAME = AppIcon;
				ASSETCATALOG_COMPILER_GLOBAL_ACCENT_COLOR_NAME = AccentColor;
				CODE_SIGN_STYLE = Automatic;
				CURRENT_PROJECT_VERSION = 1;
				DEVELOPMENT_ASSET_PATHS = "\"InstagramMock/Preview Content\"";
				DEVELOPMENT_TEAM = X9GLW84L39;
				ENABLE_PREVIEWS = YES;
				GENERATE_INFOPLIST_FILE = YES;
				INFOPLIST_KEY_UIApplicationSceneManifest_Generation = YES;
				INFOPLIST_KEY_UIApplicationSupportsIndirectInputEvents = YES;
				INFOPLIST_KEY_UILaunchScreen_Generation = YES;
				INFOPLIST_KEY_UISupportedInterfaceOrientations_iPad = "UIInterfaceOrientationPortrait UIInterfaceOrientationPortraitUpsideDown UIInterfaceOrientationLandscapeLeft UIInterfaceOrientationLandscapeRight";
				INFOPLIST_KEY_UISupportedInterfaceOrientations_iPhone = "UIInterfaceOrientationPortrait UIInterfaceOrientationLandscapeLeft UIInterfaceOrientationLandscapeRight";
				LD_RUNPATH_SEARCH_PATHS = (
					"$(inherited)",
					"@executable_path/Frameworks",
				);
				MARKETING_VERSION = 1.0;
				PRODUCT_BUNDLE_IDENTIFIER = com.example.InstagramMock;
				PRODUCT_NAME = "$(TARGET_NAME)";
				SWIFT_EMIT_LOC_STRINGS = YES;
				SWIFT_VERSION = 5.0;
				TARGETED_DEVICE_FAMILY = "1,2";
			};
			name = Release;
		};
/* End XCBuildConfiguration section */

/* Begin XCConfigurationList section */
		989147F12B4DC9F7005FBA7A /* Build configuration list for PBXProject "InstagramMock" */ = {
			isa = XCConfigurationList;
			buildConfigurations = (
				989148022B4DC9F8005FBA7A /* Debug */,
				989148032B4DC9F8005FBA7A /* Release */,
			);
			defaultConfigurationIsVisible = 0;
			defaultConfigurationName = Release;
		};
		989148042B4DC9F8005FBA7A /* Build configuration list for PBXNativeTarget "InstagramMock" */ = {
			isa = XCConfigurationList;
			buildConfigurations = (
				989148052B4DC9F8005FBA7A /* Debug */,
				989148062B4DC9F8005FBA7A /* Release */,
			);
			defaultConfigurationIsVisible = 0;
			defaultConfigurationName = Release;
		};
/* End XCConfigurationList section */
	};
	rootObject = 989147EE2B4DC9F7005FBA7A /* Project object */;
}
